
Microsoft Visual Studio Solution File, Format Version 12.00
Project("{FAE04EC0-301F-11D3-BF4B-00C04F79EFBC}") = "example-dotnet-grpcweb-server", "example-dotnet-grpcweb-server.csproj", "{3E424799-74D9-4A71-8DF5-7EAF1FFDF257}"
EndProject
Global
	GlobalSection(SolutionConfigurationPlatforms) = preSolution
		Debug|Any CPU = Debug|Any CPU
		Release|Any CPU = Release|Any CPU
	EndGlobalSection
	GlobalSection(ProjectConfigurationPlatforms) = postSolution
		{3E424799-74D9-4A71-8DF5-7EAF1FFDF257}.Debug|Any CPU.ActiveCfg = Debug|Any CPU
		{3E424799-74D9-4A71-8DF5-7EAF1FFDF257}.Debug|Any CPU.Build.0 = Debug|Any CPU
		{3E424799-74D9-4A71-8DF5-7EAF1FFDF257}.Release|Any CPU.ActiveCfg = Release|Any CPU
		{3E424799-74D9-4A71-8DF5-7EAF1FFDF257}.Release|Any CPU.Build.0 = Release|Any CPU
	EndGlobalSection
EndGlobal
