{
	"name": "@protobuf-ts/test-long_type_string",
	"version": "2.9.5",
	"lockfileVersion": 2,
	"requires": true,
	"packages": {
		"": {
			"name": "@protobuf-ts/test-long_type_string",
			"version": "2.9.5",
			"license": "Apache-2.0",
			"devDependencies": {
				"@bufbuild/buf": "^1.50.1",
				"@types/jasmine": "^3.5.10",
				"@types/node": "^14.0.13",
				"abort-controller": "^3.0.0",
				"jasmine": "^3.5.0",
				"jasmine-spec-reporter": "^5.0.2",
				"ts-node": "^8.10.2",
				"tsconfig-paths": "^3.10.1",
				"tslib": ">=1.6.1",
				"typescript": "3.8.3"
			}
		},
		"node_modules/@bufbuild/buf": {
			"version": "1.50.1",
			"dev": true,
			"hasInstallScript": true,
			"license": "Apache-2.0",
			"bin": {
				"buf": "bin/buf",
				"protoc-gen-buf-breaking": "bin/protoc-gen-buf-breaking",
				"protoc-gen-buf-lint": "bin/protoc-gen-buf-lint"
			},
			"engines": {
				"node": ">=12"
			},
			"optionalDependencies": {
				"@bufbuild/buf-darwin-arm64": "1.50.1",
				"@bufbuild/buf-darwin-x64": "1.50.1",
				"@bufbuild/buf-linux-aarch64": "1.50.1",
				"@bufbuild/buf-linux-armv7": "1.50.1",
				"@bufbuild/buf-linux-x64": "1.50.1",
				"@bufbuild/buf-win32-arm64": "1.50.1",
				"@bufbuild/buf-win32-x64": "1.50.1"
			}
		},
		"node_modules/@bufbuild/buf-darwin-x64": {
			"version": "1.50.1",
			"cpu": [
				"x64"
			],
			"dev": true,
			"license": "Apache-2.0",
			"optional": true,
			"os": [
				"darwin"
			],
			"engines": {
				"node": ">=12"
			}
		},
		"node_modules/@types/jasmine": {
			"version": "3.5.11",
			"dev": true,
			"license": "MIT"
		},
		"node_modules/@types/json5": {
			"version": "0.0.29",
			"resolved": "https://registry.npmjs.org/@types/json5/-/json5-0.0.29.tgz",
			"integrity": "sha512-dRLjCWHYg4oaA77cxO64oO+7JwCwnIzkZPdrrC71jQmQtlhM556pwKo5bUzqvZndkVbeFLIIi+9TC40JNF5hNQ==",
			"dev": true
		},
		"node_modules/@types/node": {
			"version": "14.0.14",
			"dev": true,
			"license": "MIT"
		},
		"node_modules/abort-controller": {
			"version": "3.0.0",
			"resolved": "https://registry.npmjs.org/abort-controller/-/abort-controller-3.0.0.tgz",
			"integrity": "sha512-h8lQ8tacZYnR3vNQTgibj+tODHI5/+l06Au2Pcriv/Gmet0eaj4TwWH41sO9wnHDiQsEj19q0drzdWdeAHtweg==",
			"dev": true,
			"dependencies": {
				"event-target-shim": "^5.0.0"
			},
			"engines": {
				"node": ">=6.5"
			}
		},
		"node_modules/arg": {
			"version": "4.1.3",
			"dev": true,
			"license": "MIT"
		},
		"node_modules/balanced-match": {
			"version": "1.0.2",
			"resolved": "https://registry.npmjs.org/balanced-match/-/balanced-match-1.0.2.tgz",
			"integrity": "sha512-3oSeUO0TMV67hN1AmbXsK4yaqU7tjiHlbxRDZOpH0KW9+CeX4bRAaX0Anxt0tx2MrpRpWwQaPwIlISEJhYU5Pw==",
			"dev": true
		},
		"node_modules/brace-expansion": {
			"version": "1.1.11",
			"resolved": "https://registry.npmjs.org/brace-expansion/-/brace-expansion-1.1.11.tgz",
			"integrity": "sha512-iCuPHDFgrHX7H2vEI/5xpz07zSHB00TpugqhmYtVmMO6518mCuRMoOYFldEBl0g187ufozdaHgWKcYFb61qGiA==",
			"dev": true,
			"dependencies": {
				"balanced-match": "^1.0.0",
				"concat-map": "0.0.1"
			}
		},
		"node_modules/buffer-from": {
			"version": "1.1.1",
			"dev": true,
			"license": "MIT"
		},
		"node_modules/colors": {
			"version": "1.4.0",
			"dev": true,
			"license": "MIT",
			"engines": {
				"node": ">=0.1.90"
			}
		},
		"node_modules/concat-map": {
			"version": "0.0.1",
			"dev": true,
			"license": "MIT"
		},
		"node_modules/diff": {
			"version": "4.0.2",
			"dev": true,
			"license": "BSD-3-Clause",
			"engines": {
				"node": ">=0.3.1"
			}
		},
		"node_modules/event-target-shim": {
			"version": "5.0.1",
			"resolved": "https://registry.npmjs.org/event-target-shim/-/event-target-shim-5.0.1.tgz",
			"integrity": "sha512-i/2XbnSz/uxRCU6+NdVJgKWDTM427+MqYbkQzD321DuCQJUqOuJKIA0IM2+W2xtYHdKOmZ4dR6fExsd4SXL+WQ==",
			"dev": true,
			"engines": {
				"node": ">=6"
			}
		},
		"node_modules/fs.realpath": {
			"version": "1.0.0",
			"dev": true,
			"license": "ISC"
		},
		"node_modules/glob": {
			"version": "7.1.6",
			"dev": true,
			"license": "ISC",
			"dependencies": {
				"fs.realpath": "^1.0.0",
				"inflight": "^1.0.4",
				"inherits": "2",
				"minimatch": "^3.0.4",
				"once": "^1.3.0",
				"path-is-absolute": "^1.0.0"
			},
			"engines": {
				"node": "*"
			},
			"funding": {
				"url": "https://github.com/sponsors/isaacs"
			}
		},
		"node_modules/inflight": {
			"version": "1.0.6",
			"dev": true,
			"license": "ISC",
			"dependencies": {
				"once": "^1.3.0",
				"wrappy": "1"
			}
		},
		"node_modules/inherits": {
			"version": "2.0.4",
			"dev": true,
			"license": "ISC"
		},
		"node_modules/jasmine": {
			"version": "3.5.0",
			"dev": true,
			"license": "MIT",
			"dependencies": {
				"glob": "^7.1.4",
				"jasmine-core": "~3.5.0"
			},
			"bin": {
				"jasmine": "bin/jasmine.js"
			}
		},
		"node_modules/jasmine-core": {
			"version": "3.5.0",
			"resolved": "https://registry.npmjs.org/jasmine-core/-/jasmine-core-3.5.0.tgz",
			"integrity": "sha512-nCeAiw37MIMA9w9IXso7bRaLl+c/ef3wnxsoSAlYrzS+Ot0zTG6nU8G/cIfGkqpkjX2wNaIW9RFG0TwIFnG6bA==",
			"dev": true
		},
		"node_modules/jasmine-spec-reporter": {
			"version": "5.0.2",
			"resolved": "https://registry.npmjs.org/jasmine-spec-reporter/-/jasmine-spec-reporter-5.0.2.tgz",
			"integrity": "sha512-6gP1LbVgJ+d7PKksQBc2H0oDGNRQI3gKUsWlswKaQ2fif9X5gzhQcgM5+kiJGCQVurOG09jqNhk7payggyp5+g==",
			"dev": true,
			"dependencies": {
				"colors": "1.4.0"
			}
		},
		"node_modules/make-error": {
			"version": "1.3.6",
			"dev": true,
			"license": "ISC"
		},
		"node_modules/minimatch": {
			"version": "3.1.2",
			"dev": true,
			"license": "ISC",
			"dependencies": {
				"brace-expansion": "^1.1.7"
			},
			"engines": {
				"node": "*"
			}
		},
		"node_modules/minimist": {
			"version": "1.2.7",
			"dev": true,
			"license": "MIT",
			"funding": {
				"url": "https://github.com/sponsors/ljharb"
			}
		},
		"node_modules/once": {
			"version": "1.4.0",
			"dev": true,
			"license": "ISC",
			"dependencies": {
				"wrappy": "1"
			}
		},
		"node_modules/path-is-absolute": {
			"version": "1.0.1",
			"resolved": "https://registry.npmjs.org/path-is-absolute/-/path-is-absolute-1.0.1.tgz",
			"integrity": "sha512-AVbw3UJ2e9bq64vSaS9Am0fje1Pa8pbGqTTsmXfaIiMpnr5DlDhfJOuLj9Sf95ZPVDAUerDfEk88MPmPe7UCQg==",
			"dev": true,
			"engines": {
				"node": ">=0.10.0"
			}
		},
		"node_modules/source-map": {
			"version": "0.6.1",
			"dev": true,
			"license": "BSD-3-Clause",
			"engines": {
				"node": ">=0.10.0"
			}
		},
		"node_modules/source-map-support": {
			"version": "0.5.21",
			"resolved": "https://registry.npmjs.org/source-map-support/-/source-map-support-0.5.21.tgz",
			"integrity": "sha512-uBHU3L3czsIyYXKX88fdrGovxdSCoTGDRZ6SYXtSRxLZUzHg5P/66Ht6uoUlHu9EZod+inXhKo3qQgwXUT/y1w==",
			"dev": true,
			"dependencies": {
				"buffer-from": "^1.0.0",
				"source-map": "^0.6.0"
			}
		},
		"node_modules/strip-bom": {
			"version": "3.0.0",
			"dev": true,
			"license": "MIT",
			"engines": {
				"node": ">=4"
			}
		},
		"node_modules/ts-node": {
			"version": "8.10.2",
			"dev": true,
			"license": "MIT",
			"dependencies": {
				"arg": "^4.1.0",
				"diff": "^4.0.1",
				"make-error": "^1.1.1",
				"source-map-support": "^0.5.17",
				"yn": "3.1.1"
			},
			"bin": {
				"ts-node": "dist/bin.js",
				"ts-node-script": "dist/bin-script.js",
				"ts-node-transpile-only": "dist/bin-transpile.js",
				"ts-script": "dist/bin-script-deprecated.js"
			},
			"engines": {
				"node": ">=6.0.0"
			},
			"peerDependencies": {
				"typescript": ">=2.7"
			}
		},
		"node_modules/tsconfig-paths": {
			"version": "3.15.0",
			"resolved": "https://registry.npmjs.org/tsconfig-paths/-/tsconfig-paths-3.15.0.tgz",
			"integrity": "sha512-2Ac2RgzDe/cn48GvOe3M+o82pEFewD3UPbyoUHHdKasHwJKjds4fLXWf/Ux5kATBKN20oaFGu+jbElp1pos0mg==",
			"dev": true,
			"dependencies": {
				"@types/json5": "^0.0.29",
				"json5": "^1.0.2",
				"minimist": "^1.2.6",
				"strip-bom": "^3.0.0"
			}
		},
		"node_modules/tsconfig-paths/node_modules/json5": {
			"version": "1.0.2",
			"resolved": "https://registry.npmjs.org/json5/-/json5-1.0.2.tgz",
			"integrity": "sha512-g1MWMLBiz8FKi1e4w0UyVL3w+iJceWAFBAaBnnGKOpNa5f8TLktkbre1+s6oICydWAm+HRUGTmI+//xv2hvXYA==",
			"dev": true,
			"dependencies": {
				"minimist": "^1.2.0"
			},
			"bin": {
				"json5": "lib/cli.js"
			}
		},
		"node_modules/tslib": {
			"version": "2.0.0",
			"dev": true,
			"license": "0BSD"
		},
		"node_modules/typescript": {
			"version": "3.8.3",
			"dev": true,
			"license": "Apache-2.0",
			"bin": {
				"tsc": "bin/tsc",
				"tsserver": "bin/tsserver"
			},
			"engines": {
				"node": ">=4.2.0"
			}
		},
		"node_modules/wrappy": {
			"version": "1.0.2",
			"dev": true,
			"license": "ISC"
		},
		"node_modules/yn": {
			"version": "3.1.1",
			"dev": true,
			"license": "MIT",
			"engines": {
				"node": ">=6"
			}
		}
	},
	"dependencies": {
		"@bufbuild/buf": {
			"version": "1.50.1",
			"dev": true,
			"requires": {
				"@bufbuild/buf-darwin-arm64": "1.50.1",
				"@bufbuild/buf-darwin-x64": "1.50.1",
				"@bufbuild/buf-linux-aarch64": "1.50.1",
				"@bufbuild/buf-linux-armv7": "1.50.1",
				"@bufbuild/buf-linux-x64": "1.50.1",
				"@bufbuild/buf-win32-arm64": "1.50.1",
				"@bufbuild/buf-win32-x64": "1.50.1"
			}
		},
		"@bufbuild/buf-darwin-x64": {
			"version": "1.50.1",
			"dev": true,
			"optional": true
		},
		"@types/jasmine": {
			"version": "3.5.11",
			"dev": true
		},
		"@types/json5": {
			"version": "0.0.29",
			"resolved": "https://registry.npmjs.org/@types/json5/-/json5-0.0.29.tgz",
			"integrity": "sha512-dRLjCWHYg4oaA77cxO64oO+7JwCwnIzkZPdrrC71jQmQtlhM556pwKo5bUzqvZndkVbeFLIIi+9TC40JNF5hNQ==",
			"dev": true
		},
		"@types/node": {
			"version": "14.0.14",
			"dev": true
		},
		"abort-controller": {
			"version": "3.0.0",
			"resolved": "https://registry.npmjs.org/abort-controller/-/abort-controller-3.0.0.tgz",
			"integrity": "sha512-h8lQ8tacZYnR3vNQTgibj+tODHI5/+l06Au2Pcriv/Gmet0eaj4TwWH41sO9wnHDiQsEj19q0drzdWdeAHtweg==",
			"dev": true,
			"requires": {
				"event-target-shim": "^5.0.0"
			}
		},
		"arg": {
			"version": "4.1.3",
			"dev": true
		},
		"balanced-match": {
			"version": "1.0.2",
			"resolved": "https://registry.npmjs.org/balanced-match/-/balanced-match-1.0.2.tgz",
			"integrity": "sha512-3oSeUO0TMV67hN1AmbXsK4yaqU7tjiHlbxRDZOpH0KW9+CeX4bRAaX0Anxt0tx2MrpRpWwQaPwIlISEJhYU5Pw==",
			"dev": true
		},
		"brace-expansion": {
			"version": "1.1.11",
			"resolved": "https://registry.npmjs.org/brace-expansion/-/brace-expansion-1.1.11.tgz",
			"integrity": "sha512-iCuPHDFgrHX7H2vEI/5xpz07zSHB00TpugqhmYtVmMO6518mCuRMoOYFldEBl0g187ufozdaHgWKcYFb61qGiA==",
			"dev": true,
			"requires": {
				"balanced-match": "^1.0.0",
				"concat-map": "0.0.1"
			}
		},
		"buffer-from": {
			"version": "1.1.1",
			"dev": true
		},
		"colors": {
			"version": "1.4.0",
			"dev": true
		},
		"concat-map": {
			"version": "0.0.1",
			"dev": true
		},
		"diff": {
			"version": "4.0.2",
			"dev": true
		},
		"event-target-shim": {
			"version": "5.0.1",
			"resolved": "https://registry.npmjs.org/event-target-shim/-/event-target-shim-5.0.1.tgz",
			"integrity": "sha512-i/2XbnSz/uxRCU6+NdVJgKWDTM427+MqYbkQzD321DuCQJUqOuJKIA0IM2+W2xtYHdKOmZ4dR6fExsd4SXL+WQ==",
			"dev": true
		},
		"fs.realpath": {
			"version": "1.0.0",
			"dev": true
		},
		"glob": {
			"version": "7.1.6",
			"dev": true,
			"requires": {
				"fs.realpath": "^1.0.0",
				"inflight": "^1.0.4",
				"inherits": "2",
				"minimatch": "^3.0.4",
				"once": "^1.3.0",
				"path-is-absolute": "^1.0.0"
			}
		},
		"inflight": {
			"version": "1.0.6",
			"dev": true,
			"requires": {
				"once": "^1.3.0",
				"wrappy": "1"
			}
		},
		"inherits": {
			"version": "2.0.4",
			"dev": true
		},
		"jasmine": {
			"version": "3.5.0",
			"dev": true,
			"requires": {
				"glob": "^7.1.4",
				"jasmine-core": "~3.5.0"
			}
		},
		"jasmine-core": {
			"version": "3.5.0",
			"resolved": "https://registry.npmjs.org/jasmine-core/-/jasmine-core-3.5.0.tgz",
			"integrity": "sha512-nCeAiw37MIMA9w9IXso7bRaLl+c/ef3wnxsoSAlYrzS+Ot0zTG6nU8G/cIfGkqpkjX2wNaIW9RFG0TwIFnG6bA==",
			"dev": true
		},
		"jasmine-spec-reporter": {
			"version": "5.0.2",
			"resolved": "https://registry.npmjs.org/jasmine-spec-reporter/-/jasmine-spec-reporter-5.0.2.tgz",
			"integrity": "sha512-6gP1LbVgJ+d7PKksQBc2H0oDGNRQI3gKUsWlswKaQ2fif9X5gzhQcgM5+kiJGCQVurOG09jqNhk7payggyp5+g==",
			"dev": true,
			"requires": {
				"colors": "1.4.0"
			}
		},
		"make-error": {
			"version": "1.3.6",
			"dev": true
		},
		"minimatch": {
			"version": "3.1.2",
			"dev": true,
			"requires": {
				"brace-expansion": "^1.1.7"
			}
		},
		"minimist": {
			"version": "1.2.7",
			"dev": true
		},
		"once": {
			"version": "1.4.0",
			"dev": true,
			"requires": {
				"wrappy": "1"
			}
		},
		"path-is-absolute": {
			"version": "1.0.1",
			"resolved": "https://registry.npmjs.org/path-is-absolute/-/path-is-absolute-1.0.1.tgz",
			"integrity": "sha512-AVbw3UJ2e9bq64vSaS9Am0fje1Pa8pbGqTTsmXfaIiMpnr5DlDhfJOuLj9Sf95ZPVDAUerDfEk88MPmPe7UCQg==",
			"dev": true
		},
		"source-map": {
			"version": "0.6.1",
			"dev": true
		},
		"source-map-support": {
			"version": "0.5.21",
			"resolved": "https://registry.npmjs.org/source-map-support/-/source-map-support-0.5.21.tgz",
			"integrity": "sha512-uBHU3L3czsIyYXKX88fdrGovxdSCoTGDRZ6SYXtSRxLZUzHg5P/66Ht6uoUlHu9EZod+inXhKo3qQgwXUT/y1w==",
			"dev": true,
			"requires": {
				"buffer-from": "^1.0.0",
				"source-map": "^0.6.0"
			}
		},
		"strip-bom": {
			"version": "3.0.0",
			"dev": true
		},
		"ts-node": {
			"version": "8.10.2",
			"dev": true,
			"requires": {
				"arg": "^4.1.0",
				"diff": "^4.0.1",
				"make-error": "^1.1.1",
				"source-map-support": "^0.5.17",
				"yn": "3.1.1"
			}
		},
		"tsconfig-paths": {
			"version": "3.15.0",
			"resolved": "https://registry.npmjs.org/tsconfig-paths/-/tsconfig-paths-3.15.0.tgz",
			"integrity": "sha512-2Ac2RgzDe/cn48GvOe3M+o82pEFewD3UPbyoUHHdKasHwJKjds4fLXWf/Ux5kATBKN20oaFGu+jbElp1pos0mg==",
			"dev": true,
			"requires": {
				"@types/json5": "^0.0.29",
				"json5": "^1.0.2",
				"minimist": "^1.2.6",
				"strip-bom": "^3.0.0"
			},
			"dependencies": {
				"json5": {
					"version": "1.0.2",
					"resolved": "https://registry.npmjs.org/json5/-/json5-1.0.2.tgz",
					"integrity": "sha512-g1MWMLBiz8FKi1e4w0UyVL3w+iJceWAFBAaBnnGKOpNa5f8TLktkbre1+s6oICydWAm+HRUGTmI+//xv2hvXYA==",
					"dev": true,
					"requires": {
						"minimist": "^1.2.0"
					}
				}
			}
		},
		"tslib": {
			"version": "2.0.0",
			"dev": true
		},
		"typescript": {
			"version": "3.8.3",
			"dev": true
		},
		"wrappy": {
			"version": "1.0.2",
			"dev": true
		},
		"yn": {
			"version": "3.1.1",
			"dev": true
		}
	}
}
